
Microsoft Visual Studio Solution File, Format Version 12.00
# Visual Studio Version 17
VisualStudioVersion = 17.12.35707.178
MinimumVisualStudioVersion = 10.0.40219.1
Project("{FAE04EC0-301F-11D3-BF4B-00C04F79EFBC}") = "Jantuscara.API", "Jantuscara.API\Jantuscara.API.csproj", "{9499D520-A69C-4A43-AC7D-93E5B229403D}"
EndProject
Global
	GlobalSection(SolutionConfigurationPlatforms) = preSolution
		Debug|Any CPU = Debug|Any CPU
		Release|Any CPU = Release|Any CPU
	EndGlobalSection
	GlobalSection(ProjectConfigurationPlatforms) = postSolution
		{9499D520-A69C-4A43-AC7D-93E5B229403D}.Debug|Any CPU.ActiveCfg = Debug|Any CPU
		{9499D520-A69C-4A43-AC7D-93E5B229403D}.Debug|Any CPU.Build.0 = Debug|Any CPU
		{9499D520-A69C-4A43-AC7D-93E5B229403D}.Release|Any CPU.ActiveCfg = Release|Any CPU
		{9499D520-A69C-4A43-AC7D-93E5B229403D}.Release|Any CPU.Build.0 = Release|Any CPU
	EndGlobalSection
	GlobalSection(SolutionProperties) = preSolution
		HideSolutionNode = FALSE
	EndGlobalSection
EndGlobal
